
Microsoft Visual Studio Solution File, Format Version 11.00
# Visual Studio 2010
Project("{FAE04EC0-301F-11D3-BF4B-00C04F79EFBC}") = "UnityAllTest", "Assembly-CSharp.csproj", "{30190578-C9E5-DB77-8959-042F0175800E}"
EndProject
Project("{FAE04EC0-301F-11D3-BF4B-00C04F79EFBC}") = "UnityAllTest", "Assembly-CSharp-Editor.csproj", "{632DE5F2-074C-FD3E-82A5-219540724EB6}"
EndProject
Global
	GlobalSection(SolutionConfigurationPlatforms) = preSolution
		Debug|Any CPU = Debug|Any CPU
		Release|Any CPU = Release|Any CPU
	EndGlobalSection
	GlobalSection(ProjectConfigurationPlatforms) = postSolution
		{30190578-C9E5-DB77-8959-042F0175800E}.Debug|Any CPU.ActiveCfg = Debug|Any CPU
		{30190578-C9E5-DB77-8959-042F0175800E}.Debug|Any CPU.Build.0 = Debug|Any CPU
		{30190578-C9E5-DB77-8959-042F0175800E}.Release|Any CPU.ActiveCfg = Release|Any CPU
		{30190578-C9E5-DB77-8959-042F0175800E}.Release|Any CPU.Build.0 = Release|Any CPU
		{632DE5F2-074C-FD3E-82A5-219540724EB6}.Debug|Any CPU.ActiveCfg = Debug|Any CPU
		{632DE5F2-074C-FD3E-82A5-219540724EB6}.Debug|Any CPU.Build.0 = Debug|Any CPU
		{632DE5F2-074C-FD3E-82A5-219540724EB6}.Release|Any CPU.ActiveCfg = Release|Any CPU
		{632DE5F2-074C-FD3E-82A5-219540724EB6}.Release|Any CPU.Build.0 = Release|Any CPU
	EndGlobalSection
	GlobalSection(SolutionProperties) = preSolution
		HideSolutionNode = FALSE
	EndGlobalSection
	GlobalSection(MonoDevelopProperties) = preSolution
		StartupItem = Assembly-CSharp.csproj
	EndGlobalSection
EndGlobal
